
Microsoft Visual Studio Solution File, Format Version 12.00
# Visual Studio Version 17
VisualStudioVersion = 17.6.33815.320
MinimumVisualStudioVersion = 10.0.40219.1
Project("{8BC9CEB8-8B4A-11D0-8D11-00A0C91BC942}") = "cppl-homeworks4.2", "cppl-homeworks4.2.vcxproj", "{552EBB61-222F-45C8-9727-B81787048A92}"
EndProject
Global
	GlobalSection(SolutionConfigurationPlatforms) = preSolution
		Debug|x64 = Debug|x64
		Debug|x86 = Debug|x86
		Release|x64 = Release|x64
		Release|x86 = Release|x86
	EndGlobalSection
	GlobalSection(ProjectConfigurationPlatforms) = postSolution
		{552EBB61-222F-45C8-9727-B81787048A92}.Debug|x64.ActiveCfg = Debug|x64
		{552EBB61-222F-45C8-9727-B81787048A92}.Debug|x64.Build.0 = Debug|x64
		{552EBB61-222F-45C8-9727-B81787048A92}.Debug|x86.ActiveCfg = Debug|Win32
		{552EBB61-222F-45C8-9727-B81787048A92}.Debug|x86.Build.0 = Debug|Win32
		{552EBB61-222F-45C8-9727-B81787048A92}.Release|x64.ActiveCfg = Release|x64
		{552EBB61-222F-45C8-9727-B81787048A92}.Release|x64.Build.0 = Release|x64
		{552EBB61-222F-45C8-9727-B81787048A92}.Release|x86.ActiveCfg = Release|Win32
		{552EBB61-222F-45C8-9727-B81787048A92}.Release|x86.Build.0 = Release|Win32
	EndGlobalSection
	GlobalSection(SolutionProperties) = preSolution
		HideSolutionNode = FALSE
	EndGlobalSection
	GlobalSection(ExtensibilityGlobals) = postSolution
		SolutionGuid = {DA57EB1F-6CA2-4B1A-B115-7AAFB44C2E74}
	EndGlobalSection
EndGlobal
